
Microsoft Visual Studio Solution File, Format Version 12.00
# Visual Studio Version 16
VisualStudioVersion = 16.0.30225.117
MinimumVisualStudioVersion = 10.0.40219.1
Project("{FAE04EC0-301F-11D3-BF4B-00C04F79EFBC}") = "412_check", "412_check.csproj", "{B76207F4-F2C3-4233-873A-ED2D4DBF42E6}"
EndProject
Project("{FAE04EC0-301F-11D3-BF4B-00C04F79EFBC}") = "412_check.BL", "412_check.BL\412_check.BL.csproj", "{99B539D4-00A2-468E-852F-2BDCB4423D5F}"
EndProject
Global
	GlobalSection(SolutionConfigurationPlatforms) = preSolution
		Debug|Any CPU = Debug|Any CPU
		Release|Any CPU = Release|Any CPU
	EndGlobalSection
	GlobalSection(ProjectConfigurationPlatforms) = postSolution
		{B76207F4-F2C3-4233-873A-ED2D4DBF42E6}.Debug|Any CPU.ActiveCfg = Debug|Any CPU
		{B76207F4-F2C3-4233-873A-ED2D4DBF42E6}.Debug|Any CPU.Build.0 = Debug|Any CPU
		{B76207F4-F2C3-4233-873A-ED2D4DBF42E6}.Release|Any CPU.ActiveCfg = Release|Any CPU
		{B76207F4-F2C3-4233-873A-ED2D4DBF42E6}.Release|Any CPU.Build.0 = Release|Any CPU
		{99B539D4-00A2-468E-852F-2BDCB4423D5F}.Debug|Any CPU.ActiveCfg = Debug|Any CPU
		{99B539D4-00A2-468E-852F-2BDCB4423D5F}.Debug|Any CPU.Build.0 = Debug|Any CPU
		{99B539D4-00A2-468E-852F-2BDCB4423D5F}.Release|Any CPU.ActiveCfg = Release|Any CPU
		{99B539D4-00A2-468E-852F-2BDCB4423D5F}.Release|Any CPU.Build.0 = Release|Any CPU
	EndGlobalSection
	GlobalSection(SolutionProperties) = preSolution
		HideSolutionNode = FALSE
	EndGlobalSection
	GlobalSection(ExtensibilityGlobals) = postSolution
		SolutionGuid = {CBC061A2-E77F-439E-AE19-AC6F3C13C0BA}
	EndGlobalSection
EndGlobal
